<Solution>
  <Project Path="QsoRipper.Cli/QsoRipper.Cli.csproj" />
  <Project Path="QsoRipper.Cli.Tests/QsoRipper.Cli.Tests.csproj" />
  <Project Path="QsoRipper.DebugHost.Benchmarks/QsoRipper.DebugHost.Benchmarks.csproj" />
  <Project Path="QsoRipper.DebugHost/QsoRipper.DebugHost.csproj" />
  <Project Path="QsoRipper.DebugHost.Tests/QsoRipper.DebugHost.Tests.csproj" />
  <Project Path="QsoRipper.Gui/QsoRipper.Gui.csproj" />
  <Project Path="QsoRipper.Gui.Tests/QsoRipper.Gui.Tests.csproj" />
</Solution>
